
Microsoft Visual Studio Solution File, Format Version 12.00
# Visual Studio Version 16
VisualStudioVersion = 16.0.31515.178
MinimumVisualStudioVersion = 10.0.40219.1
Project("{FAE04EC0-301F-11D3-BF4B-00C04F79EFBC}") = "AutomateWiki", "LaunchBrowser\AutomateWiki.csproj", "{F1E04F7C-ABB6-4983-B63B-B3C38C909C5D}"
EndProject
Global
	GlobalSection(SolutionConfigurationPlatforms) = preSolution
		Debug|Any CPU = Debug|Any CPU
		Release|Any CPU = Release|Any CPU
	EndGlobalSection
	GlobalSection(ProjectConfigurationPlatforms) = postSolution
		{F1E04F7C-ABB6-4983-B63B-B3C38C909C5D}.Debug|Any CPU.ActiveCfg = Debug|Any CPU
		{F1E04F7C-ABB6-4983-B63B-B3C38C909C5D}.Debug|Any CPU.Build.0 = Debug|Any CPU
		{F1E04F7C-ABB6-4983-B63B-B3C38C909C5D}.Release|Any CPU.ActiveCfg = Release|Any CPU
		{F1E04F7C-ABB6-4983-B63B-B3C38C909C5D}.Release|Any CPU.Build.0 = Release|Any CPU
	EndGlobalSection
	GlobalSection(SolutionProperties) = preSolution
		HideSolutionNode = FALSE
	EndGlobalSection
	GlobalSection(ExtensibilityGlobals) = postSolution
		SolutionGuid = {F793CCD5-722E-4661-9900-55AEE1805B8A}
	EndGlobalSection
EndGlobal
